// !$*UTF8*$!
{
	archiveVersion = 1;
	classes = {
	};
	objectVersion = 100;
	objects = {

/* Begin PBXBuildFile section */
		000000000000000000000101 /* APIClient.swift in Sources */ = {isa = PBXBuildFile; fileRef = 000000000000000000000201 /* APIClient.swift */; };
		000000000000000000000102 /* BackendService.swift in Sources */ = {isa = PBXBuildFile; fileRef = 000000000000000000000202 /* BackendService.swift */; };
		000000000000000000000103 /* ContentView.swift in Sources */ = {isa = PBXBuildFile; fileRef = 000000000000000000000203 /* ContentView.swift */; };
		000000000000000000000104 /* HuzSubtitleMacApp.swift in Sources */ = {isa = PBXBuildFile; fileRef = 000000000000000000000204 /* HuzSubtitleMacApp.swift */; };
		000000000000000000000105 /* Localization.swift in Sources */ = {isa = PBXBuildFile; fileRef = 000000000000000000000205 /* Localization.swift */; };
		000000000000000000000106 /* Models.swift in Sources */ = {isa = PBXBuildFile; fileRef = 000000000000000000000206 /* Models.swift */; };
		000000000000000000000107 /* Settings.swift in Sources */ = {isa = PBXBuildFile; fileRef = 000000000000000000000207 /* Settings.swift */; };
		000000000000000000000108 /* SubtitleDocument.swift in Sources */ = {isa = PBXBuildFile; fileRef = 000000000000000000000209 /* SubtitleDocument.swift */; };
		973399062FBE32A400FDA459 /* AppIcon.icon in Resources */ = {isa = PBXBuildFile; fileRef = 973399052FBE32A400FDA459 /* AppIcon.icon */; };
		974192942FBD973900E74858 /* Localizable.xcstrings in Resources */ = {isa = PBXBuildFile; fileRef = 974192942FBD973900E74857 /* Localizable.xcstrings */; };
		978E671F2FC1B89C0054DBBA /* ffmpeg in Resources */ = {isa = PBXBuildFile; fileRef = 978E671E2FC1B89C0054DBBA /* ffmpeg */; };
/* End PBXBuildFile section */

/* Begin PBXFileReference section */
		000000000000000000000201 /* APIClient.swift */ = {isa = PBXFileReference; lastKnownFileType = sourcecode.swift; path = APIClient.swift; sourceTree = "<group>"; };
		000000000000000000000202 /* BackendService.swift */ = {isa = PBXFileReference; lastKnownFileType = sourcecode.swift; path = BackendService.swift; sourceTree = "<group>"; };
		000000000000000000000203 /* ContentView.swift */ = {isa = PBXFileReference; lastKnownFileType = sourcecode.swift; path = ContentView.swift; sourceTree = "<group>"; };
		000000000000000000000204 /* HuzSubtitleMacApp.swift */ = {isa = PBXFileReference; lastKnownFileType = sourcecode.swift; path = HuzSubtitleMacApp.swift; sourceTree = "<group>"; };
		000000000000000000000205 /* Localization.swift */ = {isa = PBXFileReference; lastKnownFileType = sourcecode.swift; path = Localization.swift; sourceTree = "<group>"; };
		000000000000000000000206 /* Models.swift */ = {isa = PBXFileReference; lastKnownFileType = sourcecode.swift; path = Models.swift; sourceTree = "<group>"; };
		000000000000000000000207 /* Settings.swift */ = {isa = PBXFileReference; lastKnownFileType = sourcecode.swift; path = Settings.swift; sourceTree = "<group>"; };
		000000000000000000000208 /* package-backend.sh */ = {isa = PBXFileReference; lastKnownFileType = text.script.sh; path = "package-backend.sh"; sourceTree = "<group>"; };
		000000000000000000000209 /* SubtitleDocument.swift */ = {isa = PBXFileReference; lastKnownFileType = sourcecode.swift; path = SubtitleDocument.swift; sourceTree = "<group>"; };
		00000000000000000000020A /* MSub.entitlements */ = {isa = PBXFileReference; lastKnownFileType = text.plist.entitlements; path = MSub.entitlements; sourceTree = "<group>"; };
		000000000000000000000301 /* MSub.app */ = {isa = PBXFileReference; explicitFileType = wrapper.application; includeInIndex = 0; path = MSub.app; sourceTree = BUILT_PRODUCTS_DIR; };
		973399052FBE32A400FDA459 /* AppIcon.icon */ = {isa = PBXFileReference; lastKnownFileType = folder.iconcomposer.icon; path = AppIcon.icon; sourceTree = "<group>"; };
		974192942FBD973900E74857 /* Localizable.xcstrings */ = {isa = PBXFileReference; lastKnownFileType = text.json.xcstrings; name = Localizable.xcstrings; path = Sources/MSub/Localizable.xcstrings; sourceTree = "<group>"; };
		978E671E2FC1B89C0054DBBA /* ffmpeg */ = {isa = PBXFileReference; lastKnownFileType = text; path = ffmpeg; sourceTree = "<group>"; };
		979A48422FBF74DD00FEF70A /* MSub-Info.plist */ = {isa = PBXFileReference; lastKnownFileType = text.plist; path = "MSub-Info.plist"; sourceTree = SOURCE_ROOT; };
/* End PBXFileReference section */

/* Begin PBXGroup section */
		000000000000000000000001 = {
			isa = PBXGroup;
			children = (
				973399052FBE32A400FDA459 /* AppIcon.icon */,
				00000000000000000000020A /* MSub.entitlements */,
				000000000000000000000010 /* MSub */,
				000000000000000000000011 /* Scripts */,
				000000000000000000000012 /* Products */,
				974192942FBD973900E74857 /* Localizable.xcstrings */,
			);
			sourceTree = "<group>";
		};
		000000000000000000000010 /* MSub */ = {
			isa = PBXGroup;
			children = (
				979A48422FBF74DD00FEF70A /* MSub-Info.plist */,
				000000000000000000000201 /* APIClient.swift */,
				000000000000000000000202 /* BackendService.swift */,
				000000000000000000000203 /* ContentView.swift */,
				000000000000000000000204 /* HuzSubtitleMacApp.swift */,
				000000000000000000000205 /* Localization.swift */,
				978E671E2FC1B89C0054DBBA /* ffmpeg */,
				000000000000000000000206 /* Models.swift */,
				000000000000000000000207 /* Settings.swift */,
				000000000000000000000209 /* SubtitleDocument.swift */,
			);
			name = MSub;
			path = Sources/MSub;
			sourceTree = "<group>";
		};
		000000000000000000000011 /* Scripts */ = {
			isa = PBXGroup;
			children = (
				000000000000000000000208 /* package-backend.sh */,
			);
			path = Scripts;
			sourceTree = "<group>";
		};
		000000000000000000000012 /* Products */ = {
			isa = PBXGroup;
			children = (
				000000000000000000000301 /* MSub.app */,
			);
			name = Products;
			sourceTree = "<group>";
		};
/* End PBXGroup section */

/* Begin PBXNativeTarget section */
		000000000000000000000002 /* MSub */ = {
			isa = PBXNativeTarget;
			buildConfigurationList = 000000000000000000000502 /* Build configuration list for PBXNativeTarget "MSub" */;
			buildPhases = (
				000000000000000000000401 /* Sources */,
				000000000000000000000403 /* Resources */,
				000000000000000000000402 /* Package Backend */,
			);
			buildRules = (
			);
			name = MSub;
			productName = MSub;
			productReference = 000000000000000000000301 /* MSub.app */;
			productType = "com.apple.product-type.application";
		};
/* End PBXNativeTarget section */

/* Begin PBXProject section */
		000000000000000000000003 /* Project object */ = {
			isa = PBXProject;
			attributes = {
				BuildIndependentTargetsInParallel = 1;
				LastSwiftUpdateCheck = 2600;
				LastUpgradeCheck = 2650;
				TargetAttributes = {
					000000000000000000000002 = {
						CreatedOnToolsVersion = 26.0;
					};
				};
			};
			buildConfigurationList = 000000000000000000000501 /* Build configuration list for PBXProject "MSub" */;
			developmentRegion = en;
			hasScannedForEncodings = 0;
			knownRegions = (
				en,
				Base,
				"zh-Hans",
			);
			mainGroup = 000000000000000000000001;
			preferredProjectObjectVersion = 100;
			productRefGroup = 000000000000000000000012 /* Products */;
			projectDirPath = "";
			projectRoot = "";
			targets = (
				000000000000000000000002 /* MSub */,
			);
		};
/* End PBXProject section */

/* Begin PBXResourcesBuildPhase section */
		000000000000000000000403 /* Resources */ = {
			isa = PBXResourcesBuildPhase;
			files = (
				974192942FBD973900E74858 /* Localizable.xcstrings in Resources */,
				978E671F2FC1B89C0054DBBA /* ffmpeg in Resources */,
				973399062FBE32A400FDA459 /* AppIcon.icon in Resources */,
			);
		};
/* End PBXResourcesBuildPhase section */

/* Begin PBXShellScriptBuildPhase section */
		000000000000000000000402 /* Package Backend */ = {
			isa = PBXShellScriptBuildPhase;
			alwaysOutOfDate = 1;
			basedOnDependencyAnalysis = 0;
			inputPaths = (
				"$(SRCROOT)/../../src",
				"$(SRCROOT)/../../pyproject.toml",
				"$(SRCROOT)/../../uv.lock",
				"$(SRCROOT)/../../README.md",
				"$(SRCROOT)/../../.python-version",
				"$(SRCROOT)/../../.venv/pyvenv.cfg",
			);
			name = "Package Backend";
			outputPaths = (
				"$(TARGET_BUILD_DIR)/$(UNLOCALIZED_RESOURCES_FOLDER_PATH)/backend/pyproject.toml",
				"$(TARGET_BUILD_DIR)/$(UNLOCALIZED_RESOURCES_FOLDER_PATH)/backend/README.md",
				"$(TARGET_BUILD_DIR)/$(UNLOCALIZED_RESOURCES_FOLDER_PATH)/backend/.python-version",
				"$(TARGET_BUILD_DIR)/$(UNLOCALIZED_RESOURCES_FOLDER_PATH)/backend/.venv/pyvenv.cfg",
				"$(TARGET_BUILD_DIR)/$(UNLOCALIZED_RESOURCES_FOLDER_PATH)/backend/python/bin/python3.12",
			);
			shellPath = /bin/sh;
			shellScript = (
				"\"${SRCROOT}/Scripts/package-backend.sh\"",
				"",
			);
		};
/* End PBXShellScriptBuildPhase section */

/* Begin PBXSourcesBuildPhase section */
		000000000000000000000401 /* Sources */ = {
			isa = PBXSourcesBuildPhase;
			files = (
				000000000000000000000101 /* APIClient.swift in Sources */,
				000000000000000000000102 /* BackendService.swift in Sources */,
				000000000000000000000103 /* ContentView.swift in Sources */,
				000000000000000000000104 /* HuzSubtitleMacApp.swift in Sources */,
				000000000000000000000105 /* Localization.swift in Sources */,
				000000000000000000000106 /* Models.swift in Sources */,
				000000000000000000000107 /* Settings.swift in Sources */,
				000000000000000000000108 /* SubtitleDocument.swift in Sources */,
			);
		};
/* End PBXSourcesBuildPhase section */

/* Begin XCBuildConfiguration section */
		000000000000000000000601 /* Debug configuration for PBXProject "MSub" */ = {
			isa = XCBuildConfiguration;
			buildSettings = {
				ALWAYS_SEARCH_USER_PATHS = NO;
				CLANG_ANALYZER_LOCALIZABILITY_NONLOCALIZED = YES;
				CLANG_ANALYZER_NONNULL = YES;
				CLANG_ANALYZER_NUMBER_OBJECT_CONVERSION = YES_AGGRESSIVE;
				CLANG_CXX_LANGUAGE_STANDARD = "gnu++20";
				CLANG_ENABLE_MODULES = YES;
				CLANG_ENABLE_OBJC_ARC = YES;
				CLANG_ENABLE_OBJC_WEAK = YES;
				CLANG_WARN_BLOCK_CAPTURE_AUTORELEASING = YES;
				CLANG_WARN_BOOL_CONVERSION = YES;
				CLANG_WARN_COMMA = YES;
				CLANG_WARN_CONSTANT_CONVERSION = YES;
				CLANG_WARN_DEPRECATED_OBJC_IMPLEMENTATIONS = YES;
				CLANG_WARN_DIRECT_OBJC_ISA_USAGE = YES_ERROR;
				CLANG_WARN_DOCUMENTATION_COMMENTS = YES;
				CLANG_WARN_EMPTY_BODY = YES;
				CLANG_WARN_ENUM_CONVERSION = YES;
				CLANG_WARN_INFINITE_RECURSION = YES;
				CLANG_WARN_INT_CONVERSION = YES;
				CLANG_WARN_NON_LITERAL_NULL_CONVERSION = YES;
				CLANG_WARN_OBJC_IMPLICIT_RETAIN_SELF = YES;
				CLANG_WARN_OBJC_LITERAL_CONVERSION = YES;
				CLANG_WARN_OBJC_ROOT_CLASS = YES_ERROR;
				CLANG_WARN_QUOTED_INCLUDE_IN_FRAMEWORK_HEADER = YES;
				CLANG_WARN_RANGE_LOOP_ANALYSIS = YES;
				CLANG_WARN_STRICT_PROTOTYPES = YES;
				CLANG_WARN_SUSPICIOUS_MOVE = YES;
				CLANG_WARN_UNGUARDED_AVAILABILITY = YES_AGGRESSIVE;
				CLANG_WARN_UNREACHABLE_CODE = YES;
				CLANG_WARN__DUPLICATE_METHOD_MATCH = YES;
				COPY_PHASE_STRIP = NO;
				DEAD_CODE_STRIPPING = YES;
				DEBUG_INFORMATION_FORMAT = dwarf;
				ENABLE_STRICT_OBJC_MSGSEND = YES;
				ENABLE_TESTABILITY = YES;
				ENABLE_USER_SCRIPT_SANDBOXING = NO;
				GCC_C_LANGUAGE_STANDARD = gnu17;
				GCC_DYNAMIC_NO_PIC = NO;
				GCC_NO_COMMON_BLOCKS = YES;
				GCC_OPTIMIZATION_LEVEL = 0;
				GCC_PREPROCESSOR_DEFINITIONS = (
					"DEBUG=1",
					"$(inherited)",
				);
				GCC_WARN_64_TO_32_BIT_CONVERSION = YES;
				GCC_WARN_ABOUT_RETURN_TYPE = YES_ERROR;
				GCC_WARN_UNDECLARED_SELECTOR = YES;
				GCC_WARN_UNINITIALIZED_AUTOS = YES_AGGRESSIVE;
				GCC_WARN_UNUSED_FUNCTION = YES;
				GCC_WARN_UNUSED_VARIABLE = YES;
				MACOSX_DEPLOYMENT_TARGET = 26.0;
				MTL_ENABLE_DEBUG_INFO = INCLUDE_SOURCE;
				MTL_FAST_MATH = YES;
				ONLY_ACTIVE_ARCH = YES;
				SDKROOT = macosx;
				STRING_CATALOG_GENERATE_SYMBOLS = YES;
				SWIFT_ACTIVE_COMPILATION_CONDITIONS = DEBUG;
				SWIFT_OPTIMIZATION_LEVEL = "-Onone";
			};
			name = Debug;
		};
		000000000000000000000602 /* Release configuration for PBXProject "MSub" */ = {
			isa = XCBuildConfiguration;
			buildSettings = {
				ALWAYS_SEARCH_USER_PATHS = NO;
				CLANG_ANALYZER_LOCALIZABILITY_NONLOCALIZED = YES;
				CLANG_ANALYZER_NONNULL = YES;
				CLANG_ANALYZER_NUMBER_OBJECT_CONVERSION = YES_AGGRESSIVE;
				CLANG_CXX_LANGUAGE_STANDARD = "gnu++20";
				CLANG_ENABLE_MODULES = YES;
				CLANG_ENABLE_OBJC_ARC = YES;
				CLANG_ENABLE_OBJC_WEAK = YES;
				CLANG_WARN_BLOCK_CAPTURE_AUTORELEASING = YES;
				CLANG_WARN_BOOL_CONVERSION = YES;
				CLANG_WARN_COMMA = YES;
				CLANG_WARN_CONSTANT_CONVERSION = YES;
				CLANG_WARN_DEPRECATED_OBJC_IMPLEMENTATIONS = YES;
				CLANG_WARN_DIRECT_OBJC_ISA_USAGE = YES_ERROR;
				CLANG_WARN_DOCUMENTATION_COMMENTS = YES;
				CLANG_WARN_EMPTY_BODY = YES;
				CLANG_WARN_ENUM_CONVERSION = YES;
				CLANG_WARN_INFINITE_RECURSION = YES;
				CLANG_WARN_INT_CONVERSION = YES;
				CLANG_WARN_NON_LITERAL_NULL_CONVERSION = YES_AGGRESSIVE;
				CLANG_WARN_OBJC_IMPLICIT_RETAIN_SELF = YES;
				CLANG_WARN_OBJC_LITERAL_CONVERSION = YES;
				CLANG_WARN_OBJC_ROOT_CLASS = YES_ERROR;
				CLANG_WARN_QUOTED_INCLUDE_IN_FRAMEWORK_HEADER = YES;
				CLANG_WARN_RANGE_LOOP_ANALYSIS = YES;
				CLANG_WARN_STRICT_PROTOTYPES = YES;
				CLANG_WARN_SUSPICIOUS_MOVE = YES;
				CLANG_WARN_UNGUARDED_AVAILABILITY = YES_AGGRESSIVE;
				CLANG_WARN_UNREACHABLE_CODE = YES;
				CLANG_WARN__DUPLICATE_METHOD_MATCH = YES;
				COPY_PHASE_STRIP = NO;
				DEAD_CODE_STRIPPING = YES;
				DEBUG_INFORMATION_FORMAT = "dwarf-with-dsym";
				ENABLE_NS_ASSERTIONS = NO;
				ENABLE_STRICT_OBJC_MSGSEND = YES;
				ENABLE_TESTABILITY = NO;
				ENABLE_USER_SCRIPT_SANDBOXING = NO;
				GCC_C_LANGUAGE_STANDARD = gnu17;
				GCC_NO_COMMON_BLOCKS = YES;
				GCC_WARN_64_TO_32_BIT_CONVERSION = YES;
				GCC_WARN_ABOUT_RETURN_TYPE = YES_ERROR;
				GCC_WARN_UNDECLARED_SELECTOR = YES;
				GCC_WARN_UNINITIALIZED_AUTOS = YES_AGGRESSIVE;
				GCC_WARN_UNUSED_FUNCTION = YES;
				GCC_WARN_UNUSED_VARIABLE = YES;
				MACOSX_DEPLOYMENT_TARGET = 26.0;
				MTL_ENABLE_DEBUG_INFO = NO;
				MTL_FAST_MATH = YES;
				SDKROOT = macosx;
				STRING_CATALOG_GENERATE_SYMBOLS = YES;
				SWIFT_COMPILATION_MODE = wholemodule;
				SWIFT_OPTIMIZATION_LEVEL = "-O";
			};
			name = Release;
		};
		000000000000000000000603 /* Debug configuration for PBXNativeTarget "MSub" */ = {
			isa = XCBuildConfiguration;
			buildSettings = {
				ASSETCATALOG_COMPILER_APPICON_NAME = AppIcon;
				ASSETCATALOG_COMPILER_INCLUDE_ALL_APPICON_ASSETS = NO;
				CODE_SIGN_ENTITLEMENTS = MSub.entitlements;
				CODE_SIGN_STYLE = Automatic;
				COMBINE_HIDPI_IMAGES = YES;
				CURRENT_PROJECT_VERSION = 11;
				DEAD_CODE_STRIPPING = YES;
				DEVELOPMENT_TEAM = "";
				ENABLE_HARDENED_RUNTIME = YES;
				GENERATE_INFOPLIST_FILE = YES;
				INFOPLIST_FILE = "MSub-Info.plist";
				INFOPLIST_KEY_CFBundleDisplayName = MSub;
				INFOPLIST_KEY_LSApplicationCategoryType = "public.app-category.video";
				LD_RUNPATH_SEARCH_PATHS = (
					"$(inherited)",
					"@executable_path/../Frameworks",
				);
				MACOSX_DEPLOYMENT_TARGET = 26.0;
				MARKETING_VERSION = 0.1.0;
				PRODUCT_BUNDLE_IDENTIFIER = local.msub.MSub;
				PRODUCT_NAME = MSub;
				SDKROOT = macosx;
				SUPPORTED_PLATFORMS = macosx;
				SWIFT_VERSION = 6.0;
			};
			name = Debug;
		};
		000000000000000000000604 /* Release configuration for PBXNativeTarget "MSub" */ = {
			isa = XCBuildConfiguration;
			buildSettings = {
				ASSETCATALOG_COMPILER_APPICON_NAME = AppIcon;
				ASSETCATALOG_COMPILER_INCLUDE_ALL_APPICON_ASSETS = NO;
				CODE_SIGN_ENTITLEMENTS = MSub.entitlements;
				CODE_SIGN_STYLE = Automatic;
				COMBINE_HIDPI_IMAGES = YES;
				CURRENT_PROJECT_VERSION = 11;
				DEAD_CODE_STRIPPING = YES;
				DEVELOPMENT_TEAM = "";
				ENABLE_HARDENED_RUNTIME = YES;
				GENERATE_INFOPLIST_FILE = YES;
				INFOPLIST_FILE = "MSub-Info.plist";
				INFOPLIST_KEY_CFBundleDisplayName = MSub;
				INFOPLIST_KEY_LSApplicationCategoryType = "public.app-category.video";
				LD_RUNPATH_SEARCH_PATHS = (
					"$(inherited)",
					"@executable_path/../Frameworks",
				);
				MACOSX_DEPLOYMENT_TARGET = 26.0;
				MARKETING_VERSION = 0.1.0;
				PRODUCT_BUNDLE_IDENTIFIER = local.msub.MSub;
				PRODUCT_NAME = MSub;
				SDKROOT = macosx;
				SUPPORTED_PLATFORMS = macosx;
				SWIFT_VERSION = 6.0;
			};
			name = Release;
		};
/* End XCBuildConfiguration section */

/* Begin XCConfigurationList section */
		000000000000000000000501 /* Build configuration list for PBXProject "MSub" */ = {
			isa = XCConfigurationList;
			buildConfigurations = (
				000000000000000000000601 /* Debug configuration for PBXProject "MSub" */,
				000000000000000000000602 /* Release configuration for PBXProject "MSub" */,
			);
			defaultConfigurationName = Debug;
		};
		000000000000000000000502 /* Build configuration list for PBXNativeTarget "MSub" */ = {
			isa = XCConfigurationList;
			buildConfigurations = (
				000000000000000000000603 /* Debug configuration for PBXNativeTarget "MSub" */,
				000000000000000000000604 /* Release configuration for PBXNativeTarget "MSub" */,
			);
			defaultConfigurationName = Debug;
		};
/* End XCConfigurationList section */
	};
	rootObject = 000000000000000000000003 /* Project object */;
}
